# Generated by pub
# See https://dart.dev/tools/pub/glossary#lockfile
packages:
  bloc:
    dependency: "direct main"
    description:
      name: bloc
      url: "https://pub.dartlang.org"
    source: hosted
    version: "0.15.0"
  collection:
    dependency: transitive
    description:
      name: collection
      url: "https://pub.dartlang.org"
    source: hosted
    version: "1.14.11"
  flutter:
    dependency: "direct main"
    description: flutter
    source: sdk
    version: "0.0.0"
  flutter_bloc:
    dependency: "direct main"
    description:
      name: flutter_bloc
      url: "https://pub.dartlang.org"
    source: hosted
    version: "0.21.0"
  hydrated_bloc:
    dependency: "direct main"
    description:
      path: ".."
      relative: true
    source: path
    version: "0.7.0"
  meta:
    dependency: transitive
    description:
      name: meta
      url: "https://pub.dartlang.org"
    source: hosted
    version: "1.1.7"
  path_provider:
    dependency: transitive
    description:
      name: path_provider
      url: "https://pub.dartlang.org"
    source: hosted
    version: "1.1.0"
  path_provider_fde:
    dependency: "direct main"
    description:
      path: "plugins/flutter_plugins/path_provider_fde"
      ref: "4340dec47dd88206ed421d8c1c9ecdff2ba02fff"
      resolved-ref: "4340dec47dd88206ed421d8c1c9ecdff2ba02fff"
      url: "https://github.com/google/flutter-desktop-embedding"
    source: git
    version: "0.0.1"
  provider:
    dependency: transitive
    description:
      name: provider
      url: "https://pub.dartlang.org"
    source: hosted
    version: "3.0.0+1"
  rxdart:
    dependency: transitive
    description:
      name: rxdart
      url: "https://pub.dartlang.org"
    source: hosted
    version: "0.22.0"
  sky_engine:
    dependency: transitive
    description: flutter
    source: sdk
    version: "0.0.99"
  typed_data:
    dependency: transitive
    description:
      name: typed_data
      url: "https://pub.dartlang.org"
    source: hosted
    version: "1.1.6"
  vector_math:
    dependency: transitive
    description:
      name: vector_math
      url: "https://pub.dartlang.org"
    source: hosted
    version: "2.0.8"
sdks:
  dart: ">=2.2.2 <3.0.0"
  flutter: ">=0.1.4 <2.0.0"
