# Generated by pub
# See https://dart.dev/tools/pub/glossary#lockfile
packages:
  bloc:
    dependency: transitive
    description:
      name: bloc
      url: "https://pub.dartlang.org"
    source: hosted
    version: "4.0.0"
  charcode:
    dependency: transitive
    description:
      name: charcode
      url: "https://pub.dartlang.org"
    source: hosted
    version: "1.1.3"
  collection:
    dependency: transitive
    description:
      name: collection
      url: "https://pub.dartlang.org"
    source: hosted
    version: "1.14.12"
  convert:
    dependency: transitive
    description:
      name: convert
      url: "https://pub.dartlang.org"
    source: hosted
    version: "2.1.1"
  crypto:
    dependency: transitive
    description:
      name: crypto
      url: "https://pub.dartlang.org"
    source: hosted
    version: "2.1.4"
  flutter:
    dependency: "direct main"
    description: flutter
    source: sdk
    version: "0.0.0"
  flutter_bloc:
    dependency: "direct main"
    description:
      name: flutter_bloc
      url: "https://pub.dartlang.org"
    source: hosted
    version: "4.0.0"
  hive:
    dependency: transitive
    description:
      name: hive
      url: "https://pub.dartlang.org"
    source: hosted
    version: "1.4.1+1"
  hydrated_bloc:
    dependency: "direct main"
    description:
      path: ".."
      relative: true
    source: path
    version: "4.0.0"
  meta:
    dependency: transitive
    description:
      name: meta
      url: "https://pub.dartlang.org"
    source: hosted
    version: "1.1.8"
  nested:
    dependency: transitive
    description:
      name: nested
      url: "https://pub.dartlang.org"
    source: hosted
    version: "0.0.4"
  path_provider:
    dependency: transitive
    description:
      name: path_provider
      url: "https://pub.dartlang.org"
    source: hosted
    version: "1.6.8"
  path_provider_fde:
    dependency: "direct main"
    description:
      path: "plugins/flutter_plugins/path_provider_fde"
      ref: "4ee135c8870c94aa462f2006025d5840e9ca82e2"
      resolved-ref: "4ee135c8870c94aa462f2006025d5840e9ca82e2"
      url: "https://github.com/google/flutter-desktop-embedding"
    source: git
    version: "0.0.1"
  path_provider_macos:
    dependency: transitive
    description:
      name: path_provider_macos
      url: "https://pub.dartlang.org"
    source: hosted
    version: "0.0.4+2"
  path_provider_platform_interface:
    dependency: transitive
    description:
      name: path_provider_platform_interface
      url: "https://pub.dartlang.org"
    source: hosted
    version: "1.0.2"
  platform:
    dependency: transitive
    description:
      name: platform
      url: "https://pub.dartlang.org"
    source: hosted
    version: "2.2.1"
  plugin_platform_interface:
    dependency: transitive
    description:
      name: plugin_platform_interface
      url: "https://pub.dartlang.org"
    source: hosted
    version: "1.0.2"
  provider:
    dependency: transitive
    description:
      name: provider
      url: "https://pub.dartlang.org"
    source: hosted
    version: "4.1.2"
  sky_engine:
    dependency: transitive
    description: flutter
    source: sdk
    version: "0.0.99"
  synchronized:
    dependency: transitive
    description:
      name: synchronized
      url: "https://pub.dartlang.org"
    source: hosted
    version: "2.2.0"
  typed_data:
    dependency: transitive
    description:
      name: typed_data
      url: "https://pub.dartlang.org"
    source: hosted
    version: "1.1.6"
  vector_math:
    dependency: transitive
    description:
      name: vector_math
      url: "https://pub.dartlang.org"
    source: hosted
    version: "2.0.8"
sdks:
  dart: ">=2.7.0 <3.0.0"
  flutter: ">=1.16.0 <2.0.0"
