PODS:
  - BoringSSL-GRPC (0.0.3):
    - BoringSSL-GRPC/Implementation (= 0.0.3)
    - BoringSSL-GRPC/Interface (= 0.0.3)
  - BoringSSL-GRPC/Implementation (0.0.3):
    - BoringSSL-GRPC/Interface (= 0.0.3)
  - BoringSSL-GRPC/Interface (0.0.3)
  - cloud_firestore (0.0.1):
    - Firebase/Core
    - Firebase/Firestore (~> 6.0)
    - Flutter
  - Firebase/Auth (6.5.0):
    - Firebase/CoreOnly
    - FirebaseAuth (~> 6.2.1)
  - Firebase/Core (6.5.0):
    - Firebase/CoreOnly
    - FirebaseAnalytics (= 6.0.4)
  - Firebase/CoreOnly (6.5.0):
    - FirebaseCore (= 6.1.0)
  - Firebase/Firestore (6.5.0):
    - Firebase/CoreOnly
    - FirebaseFirestore (~> 1.4.2)
  - firebase_auth (0.0.1):
    - Firebase/Auth (~> 6.0)
    - Firebase/Core
    - Flutter
  - firebase_core (0.0.1):
    - Firebase/Core
    - Flutter
  - FirebaseAnalytics (6.0.4):
    - FirebaseCore (~> 6.1)
    - FirebaseInstanceID (~> 4.2)
    - GoogleAppMeasurement (= 6.0.4)
    - GoogleUtilities/AppDelegateSwizzler (~> 6.0)
    - GoogleUtilities/MethodSwizzler (~> 6.0)
    - GoogleUtilities/Network (~> 6.0)
    - "GoogleUtilities/NSData+zlib (~> 6.0)"
    - nanopb (~> 0.3)
  - FirebaseAuth (6.2.1):
    - FirebaseAuthInterop (~> 1.0)
    - FirebaseCore (~> 6.0)
    - GoogleUtilities/AppDelegateSwizzler (~> 6.2)
    - GoogleUtilities/Environment (~> 6.2)
    - GTMSessionFetcher/Core (~> 1.1)
  - FirebaseAuthInterop (1.0.0)
  - FirebaseCore (6.1.0):
    - GoogleUtilities/Environment (~> 6.0)
    - GoogleUtilities/Logger (~> 6.0)
  - FirebaseFirestore (1.4.2):
    - FirebaseAuthInterop (~> 1.0)
    - FirebaseCore (~> 6.0)
    - FirebaseFirestore/abseil-cpp (= 1.4.2)
    - "gRPC-C++ (= 0.0.9)"
    - leveldb-library (~> 1.20)
    - nanopb (~> 0.3.901)
    - Protobuf (~> 3.1)
  - FirebaseFirestore/abseil-cpp (1.4.2):
    - FirebaseAuthInterop (~> 1.0)
    - FirebaseCore (~> 6.0)
    - "gRPC-C++ (= 0.0.9)"
    - leveldb-library (~> 1.20)
    - nanopb (~> 0.3.901)
    - Protobuf (~> 3.1)
  - FirebaseInstanceID (4.2.2):
    - FirebaseCore (~> 6.0)
    - GoogleUtilities/Environment (~> 6.0)
    - GoogleUtilities/UserDefaults (~> 6.0)
  - Flutter (1.0.0)
  - GoogleAppMeasurement (6.0.4):
    - GoogleUtilities/AppDelegateSwizzler (~> 6.0)
    - GoogleUtilities/MethodSwizzler (~> 6.0)
    - GoogleUtilities/Network (~> 6.0)
    - "GoogleUtilities/NSData+zlib (~> 6.0)"
    - nanopb (~> 0.3)
  - GoogleUtilities/AppDelegateSwizzler (6.2.3):
    - GoogleUtilities/Environment
    - GoogleUtilities/Logger
    - GoogleUtilities/Network
  - GoogleUtilities/Environment (6.2.3)
  - GoogleUtilities/Logger (6.2.3):
    - GoogleUtilities/Environment
  - GoogleUtilities/MethodSwizzler (6.2.3):
    - GoogleUtilities/Logger
  - GoogleUtilities/Network (6.2.3):
    - GoogleUtilities/Logger
    - "GoogleUtilities/NSData+zlib"
    - GoogleUtilities/Reachability
  - "GoogleUtilities/NSData+zlib (6.2.3)"
  - GoogleUtilities/Reachability (6.2.3):
    - GoogleUtilities/Logger
  - GoogleUtilities/UserDefaults (6.2.3):
    - GoogleUtilities/Logger
  - "gRPC-C++ (0.0.9)":
    - "gRPC-C++/Implementation (= 0.0.9)"
    - "gRPC-C++/Interface (= 0.0.9)"
  - "gRPC-C++/Implementation (0.0.9)":
    - "gRPC-C++/Interface (= 0.0.9)"
    - gRPC-Core (= 1.21.0)
    - nanopb (~> 0.3)
  - "gRPC-C++/Interface (0.0.9)"
  - gRPC-Core (1.21.0):
    - gRPC-Core/Implementation (= 1.21.0)
    - gRPC-Core/Interface (= 1.21.0)
  - gRPC-Core/Implementation (1.21.0):
    - BoringSSL-GRPC (= 0.0.3)
    - gRPC-Core/Interface (= 1.21.0)
    - nanopb (~> 0.3)
  - gRPC-Core/Interface (1.21.0)
  - GTMSessionFetcher/Core (1.2.2)
  - leveldb-library (1.20)
  - nanopb (0.3.901):
    - nanopb/decode (= 0.3.901)
    - nanopb/encode (= 0.3.901)
  - nanopb/decode (0.3.901)
  - nanopb/encode (0.3.901)
  - Protobuf (3.9.0)

DEPENDENCIES:
  - cloud_firestore (from `.symlinks/plugins/cloud_firestore/ios`)
  - firebase_auth (from `.symlinks/plugins/firebase_auth/ios`)
  - firebase_core (from `.symlinks/plugins/firebase_core/ios`)
  - Flutter (from `Flutter`)

SPEC REPOS:
  https://github.com/cocoapods/specs.git:
    - BoringSSL-GRPC
    - Firebase
    - FirebaseAnalytics
    - FirebaseAuth
    - FirebaseAuthInterop
    - FirebaseCore
    - FirebaseFirestore
    - FirebaseInstanceID
    - GoogleAppMeasurement
    - GoogleUtilities
    - "gRPC-C++"
    - gRPC-Core
    - GTMSessionFetcher
    - leveldb-library
    - nanopb
    - Protobuf

EXTERNAL SOURCES:
  cloud_firestore:
    :path: ".symlinks/plugins/cloud_firestore/ios"
  firebase_auth:
    :path: ".symlinks/plugins/firebase_auth/ios"
  firebase_core:
    :path: ".symlinks/plugins/firebase_core/ios"
  Flutter:
    :path: Flutter

SPEC CHECKSUMS:
  BoringSSL-GRPC: db8764df3204ccea016e1c8dd15d9a9ad63ff318
  cloud_firestore: d1c0e6903eb554e2882d5519baa950201f101d14
  Firebase: dedc9e48ea3f3649ad5f6b982f8a0c73508a14b5
  firebase_auth: 00d6e1ab6d890cd6d3c624df61702e3a7072d1e3
  firebase_core: b3b02d0b5e9d01aab5e50ba7cbcf84c73cb6883c
  FirebaseAnalytics: 3fb375bc9d13779add4039716f868d233a473fad
  FirebaseAuth: a06ad63e9bf4c86165b54cceb1c14d4f4c38d419
  FirebaseAuthInterop: 0ffa57668be100582bb7643d4fcb7615496c41fc
  FirebaseCore: aecf02fb2274ec361b9bebeac112f5daa18273bd
  FirebaseFirestore: 41a035642eb017fc7206318985501626993840bd
  FirebaseInstanceID: 662b8108a09fe9ed01aafdedba100fde8536b0f6
  Flutter: 0e3d915762c693b495b44d77113d4970485de6ec
  GoogleAppMeasurement: 183bd916af7f80deb67c01888368f1108d641832
  GoogleUtilities: d2b0e277a95962e09bb27f5cd42f5f0b6a506c7d
  "gRPC-C++": 9dfe7b44821e7b3e44aacad2af29d2c21f7cde83
  gRPC-Core: c9aef9a261a1247e881b18059b84d597293c9947
  GTMSessionFetcher: 61bb0f61a4cb560030f1222021178008a5727a23
  leveldb-library: 08cba283675b7ed2d99629a4bc5fd052cd2bb6a5
  nanopb: 2901f78ea1b7b4015c860c2fdd1ea2fee1a18d48
  Protobuf: 1097ca58584c8d9be81bfbf2c5ff5975648dd87a

PODFILE CHECKSUM: 3dbe063e9c90a5d7c9e4e76e70a821b9e2c1d271

COCOAPODS: 1.7.5
