PODS:
  - Flutter (1.0.0)
  - path_provider (0.0.1):
    - Flutter
  - path_provider_fde (0.0.1):
    - Flutter

DEPENDENCIES:
  - Flutter (from `.symlinks/flutter/ios`)
  - path_provider (from `.symlinks/plugins/path_provider/ios`)
  - path_provider_fde (from `.symlinks/plugins/path_provider_fde/ios`)

EXTERNAL SOURCES:
  Flutter:
    :path: ".symlinks/flutter/ios"
  path_provider:
    :path: ".symlinks/plugins/path_provider/ios"
  path_provider_fde:
    :path: ".symlinks/plugins/path_provider_fde/ios"

SPEC CHECKSUMS:
  Flutter: 0e3d915762c693b495b44d77113d4970485de6ec
  path_provider: f96fff6166a8867510d2c25fdcc346327cc4b259
  path_provider_fde: 71febf5c9c8ddf45466632da27cbf38324ce81bf

PODFILE CHECKSUM: aff02bfeed411c636180d6812254b2daeea14d09

COCOAPODS: 1.7.5
